
Microsoft Visual Studio Solution File, Format Version 12.00
# Visual Studio Version 16
VisualStudioVersion = 16.0.30621.155
MinimumVisualStudioVersion = 10.0.40219.1
Project("{FAE04EC0-301F-11D3-BF4B-00C04F79EFBC}") = "ExamRegistrationService", "ExamRegistrationService\ExamRegistrationService.csproj", "{ED738C24-354C-4B3B-85C1-694795011092}"
EndProject
Global
	GlobalSection(SolutionConfigurationPlatforms) = preSolution
		Debug|Any CPU = Debug|Any CPU
		Release|Any CPU = Release|Any CPU
	EndGlobalSection
	GlobalSection(ProjectConfigurationPlatforms) = postSolution
		{ED738C24-354C-4B3B-85C1-694795011092}.Debug|Any CPU.ActiveCfg = Debug|Any CPU
		{ED738C24-354C-4B3B-85C1-694795011092}.Debug|Any CPU.Build.0 = Debug|Any CPU
		{ED738C24-354C-4B3B-85C1-694795011092}.Release|Any CPU.ActiveCfg = Release|Any CPU
		{ED738C24-354C-4B3B-85C1-694795011092}.Release|Any CPU.Build.0 = Release|Any CPU
	EndGlobalSection
	GlobalSection(SolutionProperties) = preSolution
		HideSolutionNode = FALSE
	EndGlobalSection
	GlobalSection(ExtensibilityGlobals) = postSolution
		SolutionGuid = {E8719483-C705-4078-A0DE-25A6E8A2A662}
	EndGlobalSection
EndGlobal
